uuid: a095d4c5-f0d0-48d5-adb9-0e4f1595c2e3
langcode: en
status: true
dependencies:
  module:
    - burndown
active_version: 0f31ea9da0b210f7
versioned_properties:
  active:
    settings:
      default_settings:
        id: burndown_project_cloud_block
        label: 'Project cloud block'
        label_display: '0'
        provider: burndown
    fallback_metadata:
      slot_definitions: null
label: 'Project cloud block'
id: block.burndown_project_cloud_block
provider: burndown
source: block
source_local_id: burndown_project_cloud_block
